
Microsoft Visual Studio Solution File, Format Version 12.00
# Visual Studio Version 17
VisualStudioVersion = 17.5.33502.453
MinimumVisualStudioVersion = 10.0.40219.1
Project("{FAE04EC0-301F-11D3-BF4B-00C04F79EFBC}") = "WebApplicationCon", "WebApplicationCon\WebApplicationCon.csproj", "{5C454D21-C87E-4507-B18E-CE77AF20A2C3}"
EndProject
Global
	GlobalSection(SolutionConfigurationPlatforms) = preSolution
		Debug|Any CPU = Debug|Any CPU
		Release|Any CPU = Release|Any CPU
	EndGlobalSection
	GlobalSection(ProjectConfigurationPlatforms) = postSolution
		{5C454D21-C87E-4507-B18E-CE77AF20A2C3}.Debug|Any CPU.ActiveCfg = Debug|Any CPU
		{5C454D21-C87E-4507-B18E-CE77AF20A2C3}.Debug|Any CPU.Build.0 = Debug|Any CPU
		{5C454D21-C87E-4507-B18E-CE77AF20A2C3}.Release|Any CPU.ActiveCfg = Release|Any CPU
		{5C454D21-C87E-4507-B18E-CE77AF20A2C3}.Release|Any CPU.Build.0 = Release|Any CPU
	EndGlobalSection
	GlobalSection(SolutionProperties) = preSolution
		HideSolutionNode = FALSE
	EndGlobalSection
	GlobalSection(ExtensibilityGlobals) = postSolution
		SolutionGuid = {7988A885-A95B-4E21-BBB3-9306597C37EC}
	EndGlobalSection
EndGlobal
